PODS:
  - MSTDropDownPresentationController (0.2.2)

DEPENDENCIES:
  - MSTDropDownPresentationController (from `../`)

EXTERNAL SOURCES:
  MSTDropDownPresentationController:
    :path: ../

SPEC CHECKSUMS:
  MSTDropDownPresentationController: e7e0561beb7a9665300d1e54431f123569d0fb4a

COCOAPODS: 0.37.2
